// !$*UTF8*$!
{
	archiveVersion = 1;
	classes = {
	};
	objectVersion = 56;
	objects = {

/* Begin PBXBuildFile section */
		100000000000000000000001 /* MailReplyDeskApp.swift in Sources */ = {isa = PBXBuildFile; fileRef = 100000000000000000000101 /* MailReplyDeskApp.swift */; };
		100000000000000000000002 /* SettingsView.swift in Sources */ = {isa = PBXBuildFile; fileRef = 100000000000000000000102 /* SettingsView.swift */; };
		100000000000000000000003 /* ProfileStore.swift in Sources */ = {isa = PBXBuildFile; fileRef = 100000000000000000000103 /* ProfileStore.swift */; };
		100000000000000000000004 /* KeyboardViewController.swift in Sources */ = {isa = PBXBuildFile; fileRef = 100000000000000000000104 /* KeyboardViewController.swift */; };
		100000000000000000000005 /* ProfileStore.swift in Sources */ = {isa = PBXBuildFile; fileRef = 100000000000000000000103 /* ProfileStore.swift */; };
		100000000000000000000006 /* MailReplyKeyboard.appex in Embed App Extensions */ = {isa = PBXBuildFile; fileRef = 100000000000000000000202 /* MailReplyKeyboard.appex */; settings = {ATTRIBUTES = (RemoveHeadersOnCopy, ); }; };
		100000000000000000000007 /* MessageContextStore.swift in Sources */ = {isa = PBXBuildFile; fileRef = 100000000000000000000109 /* MessageContextStore.swift */; };
		100000000000000000000008 /* MessageContextStore.swift in Sources */ = {isa = PBXBuildFile; fileRef = 100000000000000000000109 /* MessageContextStore.swift */; };
		100000000000000000000009 /* ShareViewController.swift in Sources */ = {isa = PBXBuildFile; fileRef = 100000000000000000000110 /* ShareViewController.swift */; };
		100000000000000000000010 /* ProfileStore.swift in Sources */ = {isa = PBXBuildFile; fileRef = 100000000000000000000103 /* ProfileStore.swift */; };
		100000000000000000000011 /* MessageContextStore.swift in Sources */ = {isa = PBXBuildFile; fileRef = 100000000000000000000109 /* MessageContextStore.swift */; };
		100000000000000000000012 /* MailReplyShare.appex in Embed App Extensions */ = {isa = PBXBuildFile; fileRef = 100000000000000000000203 /* MailReplyShare.appex */; settings = {ATTRIBUTES = (RemoveHeadersOnCopy, ); }; };
		100000000000000000000013 /* GmailInboxClient.swift in Sources */ = {isa = PBXBuildFile; fileRef = 100000000000000000000112 /* GmailInboxClient.swift */; };
		100000000000000000000014 /* KeyboardViewController.swift in Sources */ = {isa = PBXBuildFile; fileRef = 100000000000000000000104 /* KeyboardViewController.swift */; };
		100000000000000000000015 /* ProfileStore.swift in Sources */ = {isa = PBXBuildFile; fileRef = 100000000000000000000103 /* ProfileStore.swift */; };
		100000000000000000000016 /* MessageContextStore.swift in Sources */ = {isa = PBXBuildFile; fileRef = 100000000000000000000109 /* MessageContextStore.swift */; };
		100000000000000000000017 /* MailReplyMailKeyboard.appex in Embed App Extensions */ = {isa = PBXBuildFile; fileRef = 100000000000000000000204 /* MailReplyMailKeyboard.appex */; settings = {ATTRIBUTES = (RemoveHeadersOnCopy, ); }; };
		100000000000000000000018 /* KeyboardViewController.swift in Sources */ = {isa = PBXBuildFile; fileRef = 100000000000000000000104 /* KeyboardViewController.swift */; };
		100000000000000000000019 /* ProfileStore.swift in Sources */ = {isa = PBXBuildFile; fileRef = 100000000000000000000103 /* ProfileStore.swift */; };
		100000000000000000000020 /* MessageContextStore.swift in Sources */ = {isa = PBXBuildFile; fileRef = 100000000000000000000109 /* MessageContextStore.swift */; };
		100000000000000000000021 /* MailReplyChatKeyboard.appex in Embed App Extensions */ = {isa = PBXBuildFile; fileRef = 100000000000000000000205 /* MailReplyChatKeyboard.appex */; settings = {ATTRIBUTES = (RemoveHeadersOnCopy, ); }; };
/* End PBXBuildFile section */

/* Begin PBXContainerItemProxy section */
		100000000000000000000301 /* PBXContainerItemProxy */ = {
			isa = PBXContainerItemProxy;
			containerPortal = 100000000000000000000401 /* Project object */;
			proxyType = 1;
			remoteGlobalIDString = 100000000000000000000502;
			remoteInfo = MailReplyKeyboard;
		};
		100000000000000000000303 /* PBXContainerItemProxy */ = {
			isa = PBXContainerItemProxy;
			containerPortal = 100000000000000000000401 /* Project object */;
			proxyType = 1;
			remoteGlobalIDString = 100000000000000000000503;
			remoteInfo = MailReplyShare;
		};
		100000000000000000000305 /* PBXContainerItemProxy */ = {
			isa = PBXContainerItemProxy;
			containerPortal = 100000000000000000000401 /* Project object */;
			proxyType = 1;
			remoteGlobalIDString = 100000000000000000000504;
			remoteInfo = MailReplyMailKeyboard;
		};
		100000000000000000000306 /* PBXContainerItemProxy */ = {
			isa = PBXContainerItemProxy;
			containerPortal = 100000000000000000000401 /* Project object */;
			proxyType = 1;
			remoteGlobalIDString = 100000000000000000000505;
			remoteInfo = MailReplyChatKeyboard;
		};
/* End PBXContainerItemProxy section */

/* Begin PBXCopyFilesBuildPhase section */
		100000000000000000000601 /* Embed App Extensions */ = {
			isa = PBXCopyFilesBuildPhase;
			buildActionMask = 2147483647;
			dstPath = "";
			dstSubfolderSpec = 13;
			files = (
				100000000000000000000006 /* MailReplyKeyboard.appex in Embed App Extensions */,
				100000000000000000000017 /* MailReplyMailKeyboard.appex in Embed App Extensions */,
				100000000000000000000021 /* MailReplyChatKeyboard.appex in Embed App Extensions */,
				100000000000000000000012 /* MailReplyShare.appex in Embed App Extensions */,
			);
			name = "Embed App Extensions";
			runOnlyForDeploymentPostprocessing = 0;
		};
/* End PBXCopyFilesBuildPhase section */

/* Begin PBXFileReference section */
		100000000000000000000101 /* MailReplyDeskApp.swift */ = {isa = PBXFileReference; lastKnownFileType = sourcecode.swift; path = App/MailReplyDeskApp.swift; sourceTree = "<group>"; };
		100000000000000000000102 /* SettingsView.swift */ = {isa = PBXFileReference; lastKnownFileType = sourcecode.swift; path = App/SettingsView.swift; sourceTree = "<group>"; };
		100000000000000000000103 /* ProfileStore.swift */ = {isa = PBXFileReference; lastKnownFileType = sourcecode.swift; path = Shared/ProfileStore.swift; sourceTree = "<group>"; };
		100000000000000000000104 /* KeyboardViewController.swift */ = {isa = PBXFileReference; lastKnownFileType = sourcecode.swift; path = MailReplyKeyboard/KeyboardViewController.swift; sourceTree = "<group>"; };
		100000000000000000000105 /* MailReplyDesk.entitlements */ = {isa = PBXFileReference; lastKnownFileType = text.plist.entitlements; path = App/MailReplyDesk.entitlements; sourceTree = "<group>"; };
		100000000000000000000106 /* MailReplyKeyboard.entitlements */ = {isa = PBXFileReference; lastKnownFileType = text.plist.entitlements; path = MailReplyKeyboard/MailReplyKeyboard.entitlements; sourceTree = "<group>"; };
		100000000000000000000107 /* App Info.plist */ = {isa = PBXFileReference; lastKnownFileType = text.plist.xml; path = App/Info.plist; sourceTree = "<group>"; };
		100000000000000000000108 /* Keyboard Info.plist */ = {isa = PBXFileReference; lastKnownFileType = text.plist.xml; path = MailReplyKeyboard/Info.plist; sourceTree = "<group>"; };
		100000000000000000000109 /* MessageContextStore.swift */ = {isa = PBXFileReference; lastKnownFileType = sourcecode.swift; path = Shared/MessageContextStore.swift; sourceTree = "<group>"; };
		100000000000000000000110 /* ShareViewController.swift */ = {isa = PBXFileReference; lastKnownFileType = sourcecode.swift; path = MailReplyShare/ShareViewController.swift; sourceTree = "<group>"; };
		100000000000000000000111 /* Share Info.plist */ = {isa = PBXFileReference; lastKnownFileType = text.plist.xml; path = MailReplyShare/Info.plist; sourceTree = "<group>"; };
		100000000000000000000112 /* GmailInboxClient.swift */ = {isa = PBXFileReference; lastKnownFileType = sourcecode.swift; path = App/GmailInboxClient.swift; sourceTree = "<group>"; };
		100000000000000000000113 /* Mail Keyboard Info.plist */ = {isa = PBXFileReference; lastKnownFileType = text.plist.xml; path = MailReplyMailKeyboard/Info.plist; sourceTree = "<group>"; };
		100000000000000000000114 /* MailReplyMailKeyboard.entitlements */ = {isa = PBXFileReference; lastKnownFileType = text.plist.entitlements; path = MailReplyMailKeyboard/MailReplyMailKeyboard.entitlements; sourceTree = "<group>"; };
		100000000000000000000115 /* Chat Keyboard Info.plist */ = {isa = PBXFileReference; lastKnownFileType = text.plist.xml; path = MailReplyChatKeyboard/Info.plist; sourceTree = "<group>"; };
		100000000000000000000116 /* MailReplyChatKeyboard.entitlements */ = {isa = PBXFileReference; lastKnownFileType = text.plist.entitlements; path = MailReplyChatKeyboard/MailReplyChatKeyboard.entitlements; sourceTree = "<group>"; };
		100000000000000000000201 /* MailReplyDesk.app */ = {isa = PBXFileReference; explicitFileType = wrapper.application; includeInIndex = 0; path = MailReplyDesk.app; sourceTree = BUILT_PRODUCTS_DIR; };
		100000000000000000000202 /* MailReplyKeyboard.appex */ = {isa = PBXFileReference; explicitFileType = "wrapper.app-extension"; includeInIndex = 0; path = MailReplyKeyboard.appex; sourceTree = BUILT_PRODUCTS_DIR; };
		100000000000000000000203 /* MailReplyShare.appex */ = {isa = PBXFileReference; explicitFileType = "wrapper.app-extension"; includeInIndex = 0; path = MailReplyShare.appex; sourceTree = BUILT_PRODUCTS_DIR; };
		100000000000000000000204 /* MailReplyMailKeyboard.appex */ = {isa = PBXFileReference; explicitFileType = "wrapper.app-extension"; includeInIndex = 0; path = MailReplyMailKeyboard.appex; sourceTree = BUILT_PRODUCTS_DIR; };
		100000000000000000000205 /* MailReplyChatKeyboard.appex */ = {isa = PBXFileReference; explicitFileType = "wrapper.app-extension"; includeInIndex = 0; path = MailReplyChatKeyboard.appex; sourceTree = BUILT_PRODUCTS_DIR; };
/* End PBXFileReference section */

/* Begin PBXFrameworksBuildPhase section */
		100000000000000000000701 /* Frameworks */ = {
			isa = PBXFrameworksBuildPhase;
			buildActionMask = 2147483647;
			files = (
			);
			runOnlyForDeploymentPostprocessing = 0;
		};
		100000000000000000000702 /* Frameworks */ = {
			isa = PBXFrameworksBuildPhase;
			buildActionMask = 2147483647;
			files = (
			);
			runOnlyForDeploymentPostprocessing = 0;
		};
		100000000000000000000703 /* Frameworks */ = {
			isa = PBXFrameworksBuildPhase;
			buildActionMask = 2147483647;
			files = (
			);
			runOnlyForDeploymentPostprocessing = 0;
		};
		100000000000000000000704 /* Frameworks */ = {
			isa = PBXFrameworksBuildPhase;
			buildActionMask = 2147483647;
			files = (
			);
			runOnlyForDeploymentPostprocessing = 0;
		};
		100000000000000000000705 /* Frameworks */ = {
			isa = PBXFrameworksBuildPhase;
			buildActionMask = 2147483647;
			files = (
			);
			runOnlyForDeploymentPostprocessing = 0;
		};
/* End PBXFrameworksBuildPhase section */

/* Begin PBXGroup section */
		100000000000000000000801 = {
			isa = PBXGroup;
			children = (
				100000000000000000000802 /* MailReplyDesk */,
				100000000000000000000803 /* MailReplyKeyboard */,
				100000000000000000000807 /* MailReplyMailKeyboard */,
				100000000000000000000808 /* MailReplyChatKeyboard */,
				100000000000000000000806 /* MailReplyShare */,
				100000000000000000000804 /* Shared */,
				100000000000000000000805 /* Products */,
			);
			sourceTree = "<group>";
		};
		100000000000000000000802 /* MailReplyDesk */ = {
			isa = PBXGroup;
			children = (
				100000000000000000000101 /* MailReplyDeskApp.swift */,
				100000000000000000000102 /* SettingsView.swift */,
				100000000000000000000112 /* GmailInboxClient.swift */,
				100000000000000000000107 /* App Info.plist */,
				100000000000000000000105 /* MailReplyDesk.entitlements */,
			);
			path = MailReplyDesk;
			sourceTree = "<group>";
		};
		100000000000000000000803 /* MailReplyKeyboard */ = {
			isa = PBXGroup;
			children = (
				100000000000000000000104 /* KeyboardViewController.swift */,
				100000000000000000000108 /* Keyboard Info.plist */,
				100000000000000000000106 /* MailReplyKeyboard.entitlements */,
			);
			path = MailReplyDesk;
			sourceTree = "<group>";
		};
		100000000000000000000804 /* Shared */ = {
			isa = PBXGroup;
			children = (
				100000000000000000000103 /* ProfileStore.swift */,
				100000000000000000000109 /* MessageContextStore.swift */,
			);
			path = MailReplyDesk;
			sourceTree = "<group>";
		};
		100000000000000000000805 /* Products */ = {
			isa = PBXGroup;
			children = (
				100000000000000000000201 /* MailReplyDesk.app */,
				100000000000000000000202 /* MailReplyKeyboard.appex */,
				100000000000000000000204 /* MailReplyMailKeyboard.appex */,
				100000000000000000000205 /* MailReplyChatKeyboard.appex */,
				100000000000000000000203 /* MailReplyShare.appex */,
			);
			name = Products;
			sourceTree = "<group>";
		};
		100000000000000000000806 /* MailReplyShare */ = {
			isa = PBXGroup;
			children = (
				100000000000000000000110 /* ShareViewController.swift */,
				100000000000000000000111 /* Share Info.plist */,
			);
			path = MailReplyDesk;
			sourceTree = "<group>";
		};
		100000000000000000000807 /* MailReplyMailKeyboard */ = {
			isa = PBXGroup;
			children = (
				100000000000000000000113 /* Mail Keyboard Info.plist */,
				100000000000000000000114 /* MailReplyMailKeyboard.entitlements */,
			);
			path = MailReplyDesk;
			sourceTree = "<group>";
		};
		100000000000000000000808 /* MailReplyChatKeyboard */ = {
			isa = PBXGroup;
			children = (
				100000000000000000000115 /* Chat Keyboard Info.plist */,
				100000000000000000000116 /* MailReplyChatKeyboard.entitlements */,
			);
			path = MailReplyDesk;
			sourceTree = "<group>";
		};
/* End PBXGroup section */

/* Begin PBXNativeTarget section */
		100000000000000000000501 /* MailReplyDesk */ = {
			isa = PBXNativeTarget;
			buildConfigurationList = 100000000000000000001001 /* Build configuration list for PBXNativeTarget "MailReplyDesk" */;
			buildPhases = (
				100000000000000000000901 /* Sources */,
				100000000000000000000701 /* Frameworks */,
				100000000000000000000601 /* Embed App Extensions */,
			);
			buildRules = (
			);
			dependencies = (
				100000000000000000000302 /* PBXTargetDependency */,
				100000000000000000000307 /* PBXTargetDependency */,
				100000000000000000000308 /* PBXTargetDependency */,
				100000000000000000000304 /* PBXTargetDependency */,
			);
			name = MailReplyDesk;
			productName = MailReplyDesk;
			productReference = 100000000000000000000201 /* MailReplyDesk.app */;
			productType = "com.apple.product-type.application";
		};
		100000000000000000000502 /* MailReplyKeyboard */ = {
			isa = PBXNativeTarget;
			buildConfigurationList = 100000000000000000001002 /* Build configuration list for PBXNativeTarget "MailReplyKeyboard" */;
			buildPhases = (
				100000000000000000000902 /* Sources */,
				100000000000000000000702 /* Frameworks */,
			);
			buildRules = (
			);
			dependencies = (
			);
			name = MailReplyKeyboard;
			productName = MailReplyKeyboard;
			productReference = 100000000000000000000202 /* MailReplyKeyboard.appex */;
			productType = "com.apple.product-type.app-extension";
		};
		100000000000000000000503 /* MailReplyShare */ = {
			isa = PBXNativeTarget;
			buildConfigurationList = 100000000000000000001004 /* Build configuration list for PBXNativeTarget "MailReplyShare" */;
			buildPhases = (
				100000000000000000000903 /* Sources */,
				100000000000000000000703 /* Frameworks */,
			);
			buildRules = (
			);
			dependencies = (
			);
			name = MailReplyShare;
			productName = MailReplyShare;
			productReference = 100000000000000000000203 /* MailReplyShare.appex */;
			productType = "com.apple.product-type.app-extension";
		};
		100000000000000000000504 /* MailReplyMailKeyboard */ = {
			isa = PBXNativeTarget;
			buildConfigurationList = 100000000000000000001005 /* Build configuration list for PBXNativeTarget "MailReplyMailKeyboard" */;
			buildPhases = (
				100000000000000000000904 /* Sources */,
				100000000000000000000704 /* Frameworks */,
			);
			buildRules = (
			);
			dependencies = (
			);
			name = MailReplyMailKeyboard;
			productName = MailReplyMailKeyboard;
			productReference = 100000000000000000000204 /* MailReplyMailKeyboard.appex */;
			productType = "com.apple.product-type.app-extension";
		};
		100000000000000000000505 /* MailReplyChatKeyboard */ = {
			isa = PBXNativeTarget;
			buildConfigurationList = 100000000000000000001006 /* Build configuration list for PBXNativeTarget "MailReplyChatKeyboard" */;
			buildPhases = (
				100000000000000000000905 /* Sources */,
				100000000000000000000705 /* Frameworks */,
			);
			buildRules = (
			);
			dependencies = (
			);
			name = MailReplyChatKeyboard;
			productName = MailReplyChatKeyboard;
			productReference = 100000000000000000000205 /* MailReplyChatKeyboard.appex */;
			productType = "com.apple.product-type.app-extension";
		};
/* End PBXNativeTarget section */

/* Begin PBXProject section */
		100000000000000000000401 /* Project object */ = {
			isa = PBXProject;
			attributes = {
				BuildIndependentTargetsInParallel = 1;
				LastSwiftUpdateCheck = 1600;
				LastUpgradeCheck = 1600;
				TargetAttributes = {
					100000000000000000000501 = {
						CreatedOnToolsVersion = 16.0;
					};
					100000000000000000000502 = {
						CreatedOnToolsVersion = 16.0;
					};
					100000000000000000000503 = {
						CreatedOnToolsVersion = 16.0;
					};
					100000000000000000000504 = {
						CreatedOnToolsVersion = 16.0;
					};
					100000000000000000000505 = {
						CreatedOnToolsVersion = 16.0;
					};
				};
			};
			buildConfigurationList = 100000000000000000001003 /* Build configuration list for PBXProject "MailReplyDesk" */;
			compatibilityVersion = "Xcode 14.0";
			developmentRegion = en;
			hasScannedForEncodings = 0;
			knownRegions = (
				en,
				Base,
			);
			mainGroup = 100000000000000000000801;
			productRefGroup = 100000000000000000000805 /* Products */;
			projectDirPath = "";
			projectRoot = "";
			targets = (
				100000000000000000000501 /* MailReplyDesk */,
				100000000000000000000502 /* MailReplyKeyboard */,
				100000000000000000000504 /* MailReplyMailKeyboard */,
				100000000000000000000505 /* MailReplyChatKeyboard */,
				100000000000000000000503 /* MailReplyShare */,
			);
		};
/* End PBXProject section */

/* Begin PBXSourcesBuildPhase section */
		100000000000000000000901 /* Sources */ = {
			isa = PBXSourcesBuildPhase;
			buildActionMask = 2147483647;
			files = (
				100000000000000000000001 /* MailReplyDeskApp.swift in Sources */,
				100000000000000000000002 /* SettingsView.swift in Sources */,
				100000000000000000000013 /* GmailInboxClient.swift in Sources */,
				100000000000000000000003 /* ProfileStore.swift in Sources */,
				100000000000000000000007 /* MessageContextStore.swift in Sources */,
			);
			runOnlyForDeploymentPostprocessing = 0;
		};
		100000000000000000000902 /* Sources */ = {
			isa = PBXSourcesBuildPhase;
			buildActionMask = 2147483647;
			files = (
				100000000000000000000004 /* KeyboardViewController.swift in Sources */,
				100000000000000000000005 /* ProfileStore.swift in Sources */,
				100000000000000000000008 /* MessageContextStore.swift in Sources */,
			);
			runOnlyForDeploymentPostprocessing = 0;
		};
		100000000000000000000903 /* Sources */ = {
			isa = PBXSourcesBuildPhase;
			buildActionMask = 2147483647;
			files = (
				100000000000000000000009 /* ShareViewController.swift in Sources */,
				100000000000000000000010 /* ProfileStore.swift in Sources */,
				100000000000000000000011 /* MessageContextStore.swift in Sources */,
			);
			runOnlyForDeploymentPostprocessing = 0;
		};
		100000000000000000000904 /* Sources */ = {
			isa = PBXSourcesBuildPhase;
			buildActionMask = 2147483647;
			files = (
				100000000000000000000014 /* KeyboardViewController.swift in Sources */,
				100000000000000000000015 /* ProfileStore.swift in Sources */,
				100000000000000000000016 /* MessageContextStore.swift in Sources */,
			);
			runOnlyForDeploymentPostprocessing = 0;
		};
		100000000000000000000905 /* Sources */ = {
			isa = PBXSourcesBuildPhase;
			buildActionMask = 2147483647;
			files = (
				100000000000000000000018 /* KeyboardViewController.swift in Sources */,
				100000000000000000000019 /* ProfileStore.swift in Sources */,
				100000000000000000000020 /* MessageContextStore.swift in Sources */,
			);
			runOnlyForDeploymentPostprocessing = 0;
		};
/* End PBXSourcesBuildPhase section */

/* Begin PBXTargetDependency section */
		100000000000000000000302 /* PBXTargetDependency */ = {
			isa = PBXTargetDependency;
			target = 100000000000000000000502 /* MailReplyKeyboard */;
			targetProxy = 100000000000000000000301 /* PBXContainerItemProxy */;
		};
		100000000000000000000304 /* PBXTargetDependency */ = {
			isa = PBXTargetDependency;
			target = 100000000000000000000503 /* MailReplyShare */;
			targetProxy = 100000000000000000000303 /* PBXContainerItemProxy */;
		};
		100000000000000000000307 /* PBXTargetDependency */ = {
			isa = PBXTargetDependency;
			target = 100000000000000000000504 /* MailReplyMailKeyboard */;
			targetProxy = 100000000000000000000305 /* PBXContainerItemProxy */;
		};
		100000000000000000000308 /* PBXTargetDependency */ = {
			isa = PBXTargetDependency;
			target = 100000000000000000000505 /* MailReplyChatKeyboard */;
			targetProxy = 100000000000000000000306 /* PBXContainerItemProxy */;
		};
/* End PBXTargetDependency section */

/* Begin XCBuildConfiguration section */
		100000000000000000001101 /* Debug */ = {
			isa = XCBuildConfiguration;
			buildSettings = {
				ALWAYS_SEARCH_USER_PATHS = NO;
				CLANG_ANALYZER_NONNULL = YES;
				CLANG_ANALYZER_NUMBER_OBJECT_CONVERSION = YES_AGGRESSIVE;
				CLANG_CXX_LANGUAGE_STANDARD = "gnu++20";
				CLANG_ENABLE_MODULES = YES;
				CLANG_ENABLE_OBJC_ARC = YES;
				CLANG_ENABLE_OBJC_WEAK = YES;
				CLANG_WARN_BLOCK_CAPTURE_AUTORELEASING = YES;
				CLANG_WARN_BOOL_CONVERSION = YES;
				CLANG_WARN_COMMA = YES;
				CLANG_WARN_CONSTANT_CONVERSION = YES;
				CLANG_WARN_DEPRECATED_OBJC_IMPLEMENTATIONS = YES;
				CLANG_WARN_DIRECT_OBJC_ISA_USAGE = YES_ERROR;
				CLANG_WARN_DOCUMENTATION_COMMENTS = YES;
				CLANG_WARN_EMPTY_BODY = YES;
				CLANG_WARN_ENUM_CONVERSION = YES;
				CLANG_WARN_INFINITE_RECURSION = YES;
				CLANG_WARN_INT_CONVERSION = YES;
				CLANG_WARN_NON_LITERAL_NULL_CONVERSION = YES;
				CLANG_WARN_OBJC_IMPLICIT_RETAIN_SELF = YES;
				CLANG_WARN_OBJC_LITERAL_CONVERSION = YES;
				CLANG_WARN_OBJC_ROOT_CLASS = YES_ERROR;
				CLANG_WARN_QUOTED_INCLUDE_IN_FRAMEWORK_HEADER = YES;
				CLANG_WARN_RANGE_LOOP_ANALYSIS = YES;
				CLANG_WARN_STRICT_PROTOTYPES = YES;
				CLANG_WARN_SUSPICIOUS_MOVE = YES;
				CLANG_WARN_UNGUARDED_AVAILABILITY = YES_AGGRESSIVE;
				CLANG_WARN_UNREACHABLE_CODE = YES;
				CLANG_WARN__DUPLICATE_METHOD_MATCH = YES;
				COPY_PHASE_STRIP = NO;
				DEBUG_INFORMATION_FORMAT = dwarf;
				ENABLE_STRICT_OBJC_MSGSEND = YES;
				ENABLE_TESTABILITY = YES;
				ENABLE_USER_SCRIPT_SANDBOXING = YES;
				GCC_C_LANGUAGE_STANDARD = gnu17;
				GCC_DYNAMIC_NO_PIC = NO;
				GCC_NO_COMMON_BLOCKS = YES;
				GCC_OPTIMIZATION_LEVEL = 0;
				GCC_PREPROCESSOR_DEFINITIONS = (
					"DEBUG=1",
					"$(inherited)",
				);
				GCC_WARN_64_TO_32_BIT_CONVERSION = YES;
				GCC_WARN_ABOUT_RETURN_TYPE = YES_ERROR;
				GCC_WARN_UNDECLARED_SELECTOR = YES;
				GCC_WARN_UNINITIALIZED_AUTOS = YES_AGGRESSIVE;
				GCC_WARN_UNUSED_FUNCTION = YES;
				GCC_WARN_UNUSED_VARIABLE = YES;
				IPHONEOS_DEPLOYMENT_TARGET = 17.0;
				MTL_ENABLE_DEBUG_INFO = INCLUDE_SOURCE;
				MTL_FAST_MATH = YES;
				ONLY_ACTIVE_ARCH = YES;
				SDKROOT = iphoneos;
				SWIFT_ACTIVE_COMPILATION_CONDITIONS = DEBUG;
				SWIFT_OPTIMIZATION_LEVEL = "-Onone";
			};
			name = Debug;
		};
		100000000000000000001102 /* Release */ = {
			isa = XCBuildConfiguration;
			buildSettings = {
				ALWAYS_SEARCH_USER_PATHS = NO;
				CLANG_ANALYZER_NONNULL = YES;
				CLANG_ANALYZER_NUMBER_OBJECT_CONVERSION = YES_AGGRESSIVE;
				CLANG_CXX_LANGUAGE_STANDARD = "gnu++20";
				CLANG_ENABLE_MODULES = YES;
				CLANG_ENABLE_OBJC_ARC = YES;
				CLANG_ENABLE_OBJC_WEAK = YES;
				CLANG_WARN_BLOCK_CAPTURE_AUTORELEASING = YES;
				CLANG_WARN_BOOL_CONVERSION = YES;
				CLANG_WARN_COMMA = YES;
				CLANG_WARN_CONSTANT_CONVERSION = YES;
				CLANG_WARN_DEPRECATED_OBJC_IMPLEMENTATIONS = YES;
				CLANG_WARN_DIRECT_OBJC_ISA_USAGE = YES_ERROR;
				CLANG_WARN_DOCUMENTATION_COMMENTS = YES;
				CLANG_WARN_EMPTY_BODY = YES;
				CLANG_WARN_ENUM_CONVERSION = YES;
				CLANG_WARN_INFINITE_RECURSION = YES;
				CLANG_WARN_INT_CONVERSION = YES;
				CLANG_WARN_NON_LITERAL_NULL_CONVERSION = YES;
				CLANG_WARN_OBJC_IMPLICIT_RETAIN_SELF = YES;
				CLANG_WARN_OBJC_LITERAL_CONVERSION = YES;
				CLANG_WARN_OBJC_ROOT_CLASS = YES_ERROR;
				CLANG_WARN_QUOTED_INCLUDE_IN_FRAMEWORK_HEADER = YES;
				CLANG_WARN_RANGE_LOOP_ANALYSIS = YES;
				CLANG_WARN_STRICT_PROTOTYPES = YES;
				CLANG_WARN_SUSPICIOUS_MOVE = YES;
				CLANG_WARN_UNGUARDED_AVAILABILITY = YES_AGGRESSIVE;
				CLANG_WARN_UNREACHABLE_CODE = YES;
				CLANG_WARN__DUPLICATE_METHOD_MATCH = YES;
				COPY_PHASE_STRIP = NO;
				DEBUG_INFORMATION_FORMAT = "dwarf-with-dsym";
				ENABLE_NS_ASSERTIONS = NO;
				ENABLE_STRICT_OBJC_MSGSEND = YES;
				ENABLE_USER_SCRIPT_SANDBOXING = YES;
				GCC_C_LANGUAGE_STANDARD = gnu17;
				GCC_NO_COMMON_BLOCKS = YES;
				GCC_WARN_64_TO_32_BIT_CONVERSION = YES;
				GCC_WARN_ABOUT_RETURN_TYPE = YES_ERROR;
				GCC_WARN_UNDECLARED_SELECTOR = YES;
				GCC_WARN_UNINITIALIZED_AUTOS = YES_AGGRESSIVE;
				GCC_WARN_UNUSED_FUNCTION = YES;
				GCC_WARN_UNUSED_VARIABLE = YES;
				IPHONEOS_DEPLOYMENT_TARGET = 17.0;
				MTL_ENABLE_DEBUG_INFO = NO;
				MTL_FAST_MATH = YES;
				SDKROOT = iphoneos;
				SWIFT_COMPILATION_MODE = wholemodule;
				SWIFT_OPTIMIZATION_LEVEL = "-O";
				VALIDATE_PRODUCT = YES;
			};
			name = Release;
		};
		100000000000000000001103 /* Debug */ = {
			isa = XCBuildConfiguration;
			buildSettings = {
				CODE_SIGN_ENTITLEMENTS = MailReplyDesk/App/MailReplyDesk.entitlements;
				CODE_SIGN_STYLE = Automatic;
				CURRENT_PROJECT_VERSION = 1;
				DEVELOPMENT_TEAM = "";
				GENERATE_INFOPLIST_FILE = NO;
				INFOPLIST_FILE = MailReplyDesk/App/Info.plist;
				IPHONEOS_DEPLOYMENT_TARGET = 17.0;
				LD_RUNPATH_SEARCH_PATHS = (
					"$(inherited)",
					"@executable_path/Frameworks",
				);
				MARKETING_VERSION = 1.0;
				PRODUCT_BUNDLE_IDENTIFIER = com.jonasgamper.mailreplydesk;
				PRODUCT_NAME = "$(TARGET_NAME)";
				SWIFT_EMIT_LOC_STRINGS = YES;
				SWIFT_VERSION = 5.0;
				TARGETED_DEVICE_FAMILY = "1,2";
			};
			name = Debug;
		};
		100000000000000000001104 /* Release */ = {
			isa = XCBuildConfiguration;
			buildSettings = {
				CODE_SIGN_ENTITLEMENTS = MailReplyDesk/App/MailReplyDesk.entitlements;
				CODE_SIGN_STYLE = Automatic;
				CURRENT_PROJECT_VERSION = 1;
				DEVELOPMENT_TEAM = "";
				GENERATE_INFOPLIST_FILE = NO;
				INFOPLIST_FILE = MailReplyDesk/App/Info.plist;
				IPHONEOS_DEPLOYMENT_TARGET = 17.0;
				LD_RUNPATH_SEARCH_PATHS = (
					"$(inherited)",
					"@executable_path/Frameworks",
				);
				MARKETING_VERSION = 1.0;
				PRODUCT_BUNDLE_IDENTIFIER = com.jonasgamper.mailreplydesk;
				PRODUCT_NAME = "$(TARGET_NAME)";
				SWIFT_EMIT_LOC_STRINGS = YES;
				SWIFT_VERSION = 5.0;
				TARGETED_DEVICE_FAMILY = "1,2";
			};
			name = Release;
		};
		100000000000000000001105 /* Debug */ = {
			isa = XCBuildConfiguration;
			buildSettings = {
				APPLICATION_EXTENSION_API_ONLY = YES;
				CODE_SIGN_ENTITLEMENTS = MailReplyDesk/MailReplyKeyboard/MailReplyKeyboard.entitlements;
				CODE_SIGN_STYLE = Automatic;
				CURRENT_PROJECT_VERSION = 1;
				DEVELOPMENT_TEAM = "";
				GENERATE_INFOPLIST_FILE = NO;
				INFOPLIST_FILE = MailReplyDesk/MailReplyKeyboard/Info.plist;
				IPHONEOS_DEPLOYMENT_TARGET = 17.0;
				LD_RUNPATH_SEARCH_PATHS = (
					"$(inherited)",
					"@executable_path/Frameworks",
					"@executable_path/../../Frameworks",
				);
				MARKETING_VERSION = 1.0;
				PRODUCT_BUNDLE_IDENTIFIER = com.jonasgamper.mailreplydesk.keyboard;
				PRODUCT_NAME = "$(TARGET_NAME)";
				SKIP_INSTALL = YES;
				SWIFT_EMIT_LOC_STRINGS = YES;
				SWIFT_VERSION = 5.0;
				TARGETED_DEVICE_FAMILY = "1,2";
				WRAPPER_EXTENSION = appex;
			};
			name = Debug;
		};
		100000000000000000001106 /* Release */ = {
			isa = XCBuildConfiguration;
			buildSettings = {
				APPLICATION_EXTENSION_API_ONLY = YES;
				CODE_SIGN_ENTITLEMENTS = MailReplyDesk/MailReplyKeyboard/MailReplyKeyboard.entitlements;
				CODE_SIGN_STYLE = Automatic;
				CURRENT_PROJECT_VERSION = 1;
				DEVELOPMENT_TEAM = "";
				GENERATE_INFOPLIST_FILE = NO;
				INFOPLIST_FILE = MailReplyDesk/MailReplyKeyboard/Info.plist;
				IPHONEOS_DEPLOYMENT_TARGET = 17.0;
				LD_RUNPATH_SEARCH_PATHS = (
					"$(inherited)",
					"@executable_path/Frameworks",
					"@executable_path/../../Frameworks",
				);
				MARKETING_VERSION = 1.0;
				PRODUCT_BUNDLE_IDENTIFIER = com.jonasgamper.mailreplydesk.keyboard;
				PRODUCT_NAME = "$(TARGET_NAME)";
				SKIP_INSTALL = YES;
				SWIFT_EMIT_LOC_STRINGS = YES;
				SWIFT_VERSION = 5.0;
				TARGETED_DEVICE_FAMILY = "1,2";
				WRAPPER_EXTENSION = appex;
			};
			name = Release;
		};
		100000000000000000001107 /* Debug */ = {
			isa = XCBuildConfiguration;
			buildSettings = {
				APPLICATION_EXTENSION_API_ONLY = YES;
				CODE_SIGN_STYLE = Automatic;
				CURRENT_PROJECT_VERSION = 1;
				DEVELOPMENT_TEAM = "";
				GENERATE_INFOPLIST_FILE = NO;
				INFOPLIST_FILE = MailReplyDesk/MailReplyShare/Info.plist;
				IPHONEOS_DEPLOYMENT_TARGET = 17.0;
				LD_RUNPATH_SEARCH_PATHS = (
					"$(inherited)",
					"@executable_path/Frameworks",
					"@executable_path/../../Frameworks",
				);
				MARKETING_VERSION = 1.0;
				PRODUCT_BUNDLE_IDENTIFIER = com.jonasgamper.mailreplydesk.share;
				PRODUCT_NAME = "$(TARGET_NAME)";
				SKIP_INSTALL = YES;
				SWIFT_EMIT_LOC_STRINGS = YES;
				SWIFT_VERSION = 5.0;
				TARGETED_DEVICE_FAMILY = "1,2";
				WRAPPER_EXTENSION = appex;
			};
			name = Debug;
		};
		100000000000000000001108 /* Release */ = {
			isa = XCBuildConfiguration;
			buildSettings = {
				APPLICATION_EXTENSION_API_ONLY = YES;
				CODE_SIGN_STYLE = Automatic;
				CURRENT_PROJECT_VERSION = 1;
				DEVELOPMENT_TEAM = "";
				GENERATE_INFOPLIST_FILE = NO;
				INFOPLIST_FILE = MailReplyDesk/MailReplyShare/Info.plist;
				IPHONEOS_DEPLOYMENT_TARGET = 17.0;
				LD_RUNPATH_SEARCH_PATHS = (
					"$(inherited)",
					"@executable_path/Frameworks",
					"@executable_path/../../Frameworks",
				);
				MARKETING_VERSION = 1.0;
				PRODUCT_BUNDLE_IDENTIFIER = com.jonasgamper.mailreplydesk.share;
				PRODUCT_NAME = "$(TARGET_NAME)";
				SKIP_INSTALL = YES;
				SWIFT_EMIT_LOC_STRINGS = YES;
				SWIFT_VERSION = 5.0;
				TARGETED_DEVICE_FAMILY = "1,2";
				WRAPPER_EXTENSION = appex;
			};
			name = Release;
		};
		100000000000000000001109 /* Debug */ = {
			isa = XCBuildConfiguration;
			buildSettings = {
				APPLICATION_EXTENSION_API_ONLY = YES;
				CODE_SIGN_ENTITLEMENTS = MailReplyDesk/MailReplyMailKeyboard/MailReplyMailKeyboard.entitlements;
				CODE_SIGN_STYLE = Automatic;
				CURRENT_PROJECT_VERSION = 1;
				DEVELOPMENT_TEAM = "";
				GENERATE_INFOPLIST_FILE = NO;
				INFOPLIST_FILE = MailReplyDesk/MailReplyMailKeyboard/Info.plist;
				IPHONEOS_DEPLOYMENT_TARGET = 17.0;
				LD_RUNPATH_SEARCH_PATHS = (
					"$(inherited)",
					"@executable_path/Frameworks",
					"@executable_path/../../Frameworks",
				);
				MARKETING_VERSION = 1.0;
				PRODUCT_BUNDLE_IDENTIFIER = com.jonasgamper.mailreplydesk.mailkeyboard;
				PRODUCT_NAME = "$(TARGET_NAME)";
				SKIP_INSTALL = YES;
				SWIFT_EMIT_LOC_STRINGS = YES;
				SWIFT_VERSION = 5.0;
				TARGETED_DEVICE_FAMILY = "1,2";
				WRAPPER_EXTENSION = appex;
			};
			name = Debug;
		};
		100000000000000000001110 /* Release */ = {
			isa = XCBuildConfiguration;
			buildSettings = {
				APPLICATION_EXTENSION_API_ONLY = YES;
				CODE_SIGN_ENTITLEMENTS = MailReplyDesk/MailReplyMailKeyboard/MailReplyMailKeyboard.entitlements;
				CODE_SIGN_STYLE = Automatic;
				CURRENT_PROJECT_VERSION = 1;
				DEVELOPMENT_TEAM = "";
				GENERATE_INFOPLIST_FILE = NO;
				INFOPLIST_FILE = MailReplyDesk/MailReplyMailKeyboard/Info.plist;
				IPHONEOS_DEPLOYMENT_TARGET = 17.0;
				LD_RUNPATH_SEARCH_PATHS = (
					"$(inherited)",
					"@executable_path/Frameworks",
					"@executable_path/../../Frameworks",
				);
				MARKETING_VERSION = 1.0;
				PRODUCT_BUNDLE_IDENTIFIER = com.jonasgamper.mailreplydesk.mailkeyboard;
				PRODUCT_NAME = "$(TARGET_NAME)";
				SKIP_INSTALL = YES;
				SWIFT_EMIT_LOC_STRINGS = YES;
				SWIFT_VERSION = 5.0;
				TARGETED_DEVICE_FAMILY = "1,2";
				WRAPPER_EXTENSION = appex;
			};
			name = Release;
		};
		100000000000000000001111 /* Debug */ = {
			isa = XCBuildConfiguration;
			buildSettings = {
				APPLICATION_EXTENSION_API_ONLY = YES;
				CODE_SIGN_ENTITLEMENTS = MailReplyDesk/MailReplyChatKeyboard/MailReplyChatKeyboard.entitlements;
				CODE_SIGN_STYLE = Automatic;
				CURRENT_PROJECT_VERSION = 1;
				DEVELOPMENT_TEAM = "";
				GENERATE_INFOPLIST_FILE = NO;
				INFOPLIST_FILE = MailReplyDesk/MailReplyChatKeyboard/Info.plist;
				IPHONEOS_DEPLOYMENT_TARGET = 17.0;
				LD_RUNPATH_SEARCH_PATHS = (
					"$(inherited)",
					"@executable_path/Frameworks",
					"@executable_path/../../Frameworks",
				);
				MARKETING_VERSION = 1.0;
				PRODUCT_BUNDLE_IDENTIFIER = com.jonasgamper.mailreplydesk.chatkeyboard;
				PRODUCT_NAME = "$(TARGET_NAME)";
				SKIP_INSTALL = YES;
				SWIFT_EMIT_LOC_STRINGS = YES;
				SWIFT_VERSION = 5.0;
				TARGETED_DEVICE_FAMILY = "1,2";
				WRAPPER_EXTENSION = appex;
			};
			name = Debug;
		};
		100000000000000000001112 /* Release */ = {
			isa = XCBuildConfiguration;
			buildSettings = {
				APPLICATION_EXTENSION_API_ONLY = YES;
				CODE_SIGN_ENTITLEMENTS = MailReplyDesk/MailReplyChatKeyboard/MailReplyChatKeyboard.entitlements;
				CODE_SIGN_STYLE = Automatic;
				CURRENT_PROJECT_VERSION = 1;
				DEVELOPMENT_TEAM = "";
				GENERATE_INFOPLIST_FILE = NO;
				INFOPLIST_FILE = MailReplyDesk/MailReplyChatKeyboard/Info.plist;
				IPHONEOS_DEPLOYMENT_TARGET = 17.0;
				LD_RUNPATH_SEARCH_PATHS = (
					"$(inherited)",
					"@executable_path/Frameworks",
					"@executable_path/../../Frameworks",
				);
				MARKETING_VERSION = 1.0;
				PRODUCT_BUNDLE_IDENTIFIER = com.jonasgamper.mailreplydesk.chatkeyboard;
				PRODUCT_NAME = "$(TARGET_NAME)";
				SKIP_INSTALL = YES;
				SWIFT_EMIT_LOC_STRINGS = YES;
				SWIFT_VERSION = 5.0;
				TARGETED_DEVICE_FAMILY = "1,2";
				WRAPPER_EXTENSION = appex;
			};
			name = Release;
		};
/* End XCBuildConfiguration section */

/* Begin XCConfigurationList section */
		100000000000000000001001 /* Build configuration list for PBXNativeTarget "MailReplyDesk" */ = {
			isa = XCConfigurationList;
			buildConfigurations = (
				100000000000000000001103 /* Debug */,
				100000000000000000001104 /* Release */,
			);
			defaultConfigurationIsVisible = 0;
			defaultConfigurationName = Release;
		};
		100000000000000000001002 /* Build configuration list for PBXNativeTarget "MailReplyKeyboard" */ = {
			isa = XCConfigurationList;
			buildConfigurations = (
				100000000000000000001105 /* Debug */,
				100000000000000000001106 /* Release */,
			);
			defaultConfigurationIsVisible = 0;
			defaultConfigurationName = Release;
		};
		100000000000000000001004 /* Build configuration list for PBXNativeTarget "MailReplyShare" */ = {
			isa = XCConfigurationList;
			buildConfigurations = (
				100000000000000000001107 /* Debug */,
				100000000000000000001108 /* Release */,
			);
			defaultConfigurationIsVisible = 0;
			defaultConfigurationName = Release;
		};
		100000000000000000001005 /* Build configuration list for PBXNativeTarget "MailReplyMailKeyboard" */ = {
			isa = XCConfigurationList;
			buildConfigurations = (
				100000000000000000001109 /* Debug */,
				100000000000000000001110 /* Release */,
			);
			defaultConfigurationIsVisible = 0;
			defaultConfigurationName = Release;
		};
		100000000000000000001006 /* Build configuration list for PBXNativeTarget "MailReplyChatKeyboard" */ = {
			isa = XCConfigurationList;
			buildConfigurations = (
				100000000000000000001111 /* Debug */,
				100000000000000000001112 /* Release */,
			);
			defaultConfigurationIsVisible = 0;
			defaultConfigurationName = Release;
		};
		100000000000000000001003 /* Build configuration list for PBXProject "MailReplyDesk" */ = {
			isa = XCConfigurationList;
			buildConfigurations = (
				100000000000000000001101 /* Debug */,
				100000000000000000001102 /* Release */,
			);
			defaultConfigurationIsVisible = 0;
			defaultConfigurationName = Release;
		};
/* End XCConfigurationList section */
	};
	rootObject = 100000000000000000000401 /* Project object */;
}
